
Microsoft Visual Studio Solution File, Format Version 12.00
# Visual Studio Version 17
VisualStudioVersion = 17.0.32112.339
MinimumVisualStudioVersion = 10.0.40219.1
Project("{FAE04EC0-301F-11D3-BF4B-00C04F79EFBC}") = "Arbeidskrav1_OOP", "Arbeidskrav1_OOP\Arbeidskrav1_OOP.csproj", "{F78589BB-5AAC-40F2-9332-4DF89E4FD27E}"
EndProject
Global
	GlobalSection(SolutionConfigurationPlatforms) = preSolution
		Debug|Any CPU = Debug|Any CPU
		Release|Any CPU = Release|Any CPU
	EndGlobalSection
	GlobalSection(ProjectConfigurationPlatforms) = postSolution
		{F78589BB-5AAC-40F2-9332-4DF89E4FD27E}.Debug|Any CPU.ActiveCfg = Debug|Any CPU
		{F78589BB-5AAC-40F2-9332-4DF89E4FD27E}.Debug|Any CPU.Build.0 = Debug|Any CPU
		{F78589BB-5AAC-40F2-9332-4DF89E4FD27E}.Release|Any CPU.ActiveCfg = Release|Any CPU
		{F78589BB-5AAC-40F2-9332-4DF89E4FD27E}.Release|Any CPU.Build.0 = Release|Any CPU
	EndGlobalSection
	GlobalSection(SolutionProperties) = preSolution
		HideSolutionNode = FALSE
	EndGlobalSection
	GlobalSection(ExtensibilityGlobals) = postSolution
		SolutionGuid = {A2D186C7-C853-4D5F-A475-6699E77A0385}
	EndGlobalSection
EndGlobal
